
Microsoft Visual Studio Solution File, Format Version 12.00
# Visual Studio Version 17
VisualStudioVersion = 17.13.35825.156 d17.13
MinimumVisualStudioVersion = 10.0.40219.1
Project("{FAE04EC0-301F-11D3-BF4B-00C04F79EFBC}") = "Loja", "Loja.csproj", "{E85C8C07-391E-409D-8289-769D5CF75920}"
EndProject
Global
	GlobalSection(SolutionConfigurationPlatforms) = preSolution
		Debug|Any CPU = Debug|Any CPU
		Release|Any CPU = Release|Any CPU
	EndGlobalSection
	GlobalSection(ProjectConfigurationPlatforms) = postSolution
		{E85C8C07-391E-409D-8289-769D5CF75920}.Debug|Any CPU.ActiveCfg = Debug|Any CPU
		{E85C8C07-391E-409D-8289-769D5CF75920}.Debug|Any CPU.Build.0 = Debug|Any CPU
		{E85C8C07-391E-409D-8289-769D5CF75920}.Release|Any CPU.ActiveCfg = Release|Any CPU
		{E85C8C07-391E-409D-8289-769D5CF75920}.Release|Any CPU.Build.0 = Release|Any CPU
	EndGlobalSection
	GlobalSection(SolutionProperties) = preSolution
		HideSolutionNode = FALSE
	EndGlobalSection
	GlobalSection(ExtensibilityGlobals) = postSolution
		SolutionGuid = {F1A1869E-5189-4E28-A852-3CAB18E12606}
	EndGlobalSection
EndGlobal
